lockfileVersion: '9.0'

settings:
  autoInstallPeers: true
  excludeLinksFromLockfile: false

importers:

  .:
    dependencies:
      '@actions/core':
        specifier: ^1.11.1
        version: 1.11.1
      '@actions/exec':
        specifier: ^1.1.1
        version: 1.1.1
      '@actions/github':
        specifier: ^6.0.1
        version: 6.0.1
    devDependencies:
      '@types/node':
        specifier: ^24.10.0
        version: 24.10.0
      '@vercel/ncc':
        specifier: ^0.38.4
        version: 0.38.4
      oxfmt:
        specifier: ^0.11.0
        version: 0.11.0
      oxlint:
        specifier: ^1.26.0
        version: 1.26.0
      typescript:
        specifier: ^5.9.3
        version: 5.9.3

packages:

  '@actions/core@1.11.1':
    resolution: {integrity: sha512-hXJCSrkwfA46Vd9Z3q4cpEpHB1rL5NG04+/rbqW9d3+CSvtB1tYe8UTpAlixa1vj0m/ULglfEK2UKxMGxCxv5A==}

  '@actions/exec@1.1.1':
    resolution: {integrity: sha512-+sCcHHbVdk93a0XT19ECtO/gIXoxvdsgQLzb2fE2/5sIZmWQuluYyjPQtrtTHdU1YzTZ7bAPN4sITq2xi1679w==}

  '@actions/github@6.0.1':
    resolution: {integrity: sha512-xbZVcaqD4XnQAe35qSQqskb3SqIAfRyLBrHMd/8TuL7hJSz2QtbDwnNM8zWx4zO5l2fnGtseNE3MbEvD7BxVMw==}

  '@actions/http-client@2.2.3':
    resolution: {integrity: sha512-mx8hyJi/hjFvbPokCg4uRd4ZX78t+YyRPtnKWwIl+RzNaVuFpQHfmlGVfsKEJN8LwTCvL+DfVgAM04XaHkm6bA==}

  '@actions/io@1.1.3':
    resolution: {integrity: sha512-wi9JjgKLYS7U/z8PPbco+PvTb/nRWjeoFlJ1Qer83k/3C5PHQi28hiVdeE2kHXmIL99mQFawx8qt/JPjZilJ8Q==}

  '@fastify/busboy@2.1.1':
    resolution: {integrity: sha512-vBZP4NlzfOlerQTnba4aqZoMhE/a9HY7HRqoOPaETQcSQuWEIyZMHGfVu6w9wGtGK5fED5qRs2DteVCjOH60sA==}
    engines: {node: '>=14'}

  '@octokit/auth-token@4.0.0':
    resolution: {integrity: sha512-tY/msAuJo6ARbK6SPIxZrPBms3xPbfwBrulZe0Wtr/DIY9lje2HeV1uoebShn6mx7SjCHif6EjMvoREj+gZ+SA==}
    engines: {node: '>= 18'}

  '@octokit/core@5.2.2':
    resolution: {integrity: sha512-/g2d4sW9nUDJOMz3mabVQvOGhVa4e/BN/Um7yca9Bb2XTzPPnfTWHWQg+IsEYO7M3Vx+EXvaM/I2pJWIMun1bg==}
    engines: {node: '>= 18'}

  '@octokit/endpoint@9.0.6':
    resolution: {integrity: sha512-H1fNTMA57HbkFESSt3Y9+FBICv+0jFceJFPWDePYlR/iMGrwM5ph+Dd4XRQs+8X+PUFURLQgX9ChPfhJ/1uNQw==}
    engines: {node: '>= 18'}

  '@octokit/graphql@7.1.1':
    resolution: {integrity: sha512-3mkDltSfcDUoa176nlGoA32RGjeWjl3K7F/BwHwRMJUW/IteSa4bnSV8p2ThNkcIcZU2umkZWxwETSSCJf2Q7g==}
    engines: {node: '>= 18'}

  '@octokit/openapi-types@20.0.0':
    resolution: {integrity: sha512-EtqRBEjp1dL/15V7WiX5LJMIxxkdiGJnabzYx5Apx4FkQIFgAfKumXeYAqqJCj1s+BMX4cPFIFC4OLCR6stlnA==}

  '@octokit/openapi-types@24.2.0':
    resolution: {integrity: sha512-9sIH3nSUttelJSXUrmGzl7QUBFul0/mB8HRYl3fOlgHbIWG+WnYDXU3v/2zMtAvuzZ/ed00Ei6on975FhBfzrg==}

  '@octokit/plugin-paginate-rest@9.2.2':
    resolution: {integrity: sha512-u3KYkGF7GcZnSD/3UP0S7K5XUFT2FkOQdcfXZGZQPGv3lm4F2Xbf71lvjldr8c1H3nNbF+33cLEkWYbokGWqiQ==}
    engines: {node: '>= 18'}
    peerDependencies:
      '@octokit/core': '5'

  '@octokit/plugin-rest-endpoint-methods@10.4.1':
    resolution: {integrity: sha512-xV1b+ceKV9KytQe3zCVqjg+8GTGfDYwaT1ATU5isiUyVtlVAO3HNdzpS4sr4GBx4hxQ46s7ITtZrAsxG22+rVg==}
    engines: {node: '>= 18'}
    peerDependencies:
      '@octokit/core': '5'

  '@octokit/request-error@5.1.1':
    resolution: {integrity: sha512-v9iyEQJH6ZntoENr9/yXxjuezh4My67CBSu9r6Ve/05Iu5gNgnisNWOsoJHTP6k0Rr0+HQIpnH+kyammu90q/g==}
    engines: {node: '>= 18'}

  '@octokit/request@8.4.1':
    resolution: {integrity: sha512-qnB2+SY3hkCmBxZsR/MPCybNmbJe4KAlfWErXq+rBKkQJlbjdJeS85VI9r8UqeLYLvnAenU8Q1okM/0MBsAGXw==}
    engines: {node: '>= 18'}

  '@octokit/types@12.6.0':
    resolution: {integrity: sha512-1rhSOfRa6H9w4YwK0yrf5faDaDTb+yLyBUKOCV4xtCDB5VmIPqd/v9yr9o6SAzOAlRxMiRiCic6JVM1/kunVkw==}

  '@octokit/types@13.10.0':
    resolution: {integrity: sha512-ifLaO34EbbPj0Xgro4G5lP5asESjwHracYJvVaPIyXMuiuXLlhic3S47cBdTb+jfODkTE5YtGCLt3Ay3+J97sA==}

  '@oxfmt/darwin-arm64@0.11.0':
    resolution: {integrity: sha512-RS9j58a2/FSG4VIZDoTDNHBI/0s6k2irrioc5AjARADXLvdojh3liYuedyw9aoZcLylF7tBmcSyoIVQKWKumMw==}
    cpu: [arm64]
    os: [darwin]

  '@oxfmt/darwin-x64@0.11.0':
    resolution: {integrity: sha512-EfkvAlX3wKZqrt3u7NKURp5aJ+/xrZRyz5OcUCMFh6HeicMH6YIyKcSl9YuRlaWss0tVKekzIFFr59pPhb+EqA==}
    cpu: [x64]
    os: [darwin]

  '@oxfmt/linux-arm64-gnu@0.11.0':
    resolution: {integrity: sha512-7iAv1whJDu3sRd8nFV76indRUbPe22kwpzDwx52s7G84xdzNQKNbkRxfyt2O2jOxYA6FeQx3A0FvYQfR8rRptA==}
    cpu: [arm64]
    os: [linux]

  '@oxfmt/linux-arm64-musl@0.11.0':
    resolution: {integrity: sha512-auUmjb/u8UDbZVkC4RDy4WmLAu7wPsC2Q4QcsQz30ssvljTcCm8x8lZbkmkEqpAuIU2kRIhPvjC3l367fJT9ug==}
    cpu: [arm64]
    os: [linux]

  '@oxfmt/linux-x64-gnu@0.11.0':
    resolution: {integrity: sha512-7rxz9n03LuzuswP9oi5g0pbwuWEAdlWo4RpnU1Onx42CplPDP9/DX5JJOQnfBJXrBUrrVO/VHsQwYzB86Gvr/A==}
    cpu: [x64]
    os: [linux]

  '@oxfmt/linux-x64-musl@0.11.0':
    resolution: {integrity: sha512-sZLTSj9Z/efDaER0KTi3jkSTTZMdCxhb7h82Ubd6ZC0R9YM1rTwnfxzfmPl+A9OqwvvkA83MkAzs/jmVFLjQMA==}
    cpu: [x64]
    os: [linux]

  '@oxfmt/win32-arm64@0.11.0':
    resolution: {integrity: sha512-gd/Ix/hybqGlkKSvEf6KJXF362zTBQHuj8hpHTfhQY9NKE1XioHboSXZhrabnZNCqf8NbgYNce/lpqYiAfu6yQ==}
    cpu: [arm64]
    os: [win32]

  '@oxfmt/win32-x64@0.11.0':
    resolution: {integrity: sha512-zeEWg95FGCc9RsgK7Su5SwPForZL4INB3zArHJVgnodMeMkdHnzfaxMMnq7gPV0aJxulCC5QTGjJl8N9W5NdVw==}
    cpu: [x64]
    os: [win32]

  '@oxlint/darwin-arm64@1.26.0':
    resolution: {integrity: sha512-kTmm1opqyn7iZopWHO3Ml4D/44pA5eknZBepgxCnTaPrW8XgCEUI85Q5AvOOvoNve8NziTYb8ax+CyuGJIgn/Q==}
    cpu: [arm64]
    os: [darwin]

  '@oxlint/darwin-x64@1.26.0':
    resolution: {integrity: sha512-/hMfZ9j7ZzVPRmMm02PHNc6MIMk0QYv5VowZJRIp40YLqLPvFfGNGZBj8e1fDVgZMFEGWDQK3yrt1uBKxXAK4Q==}
    cpu: [x64]
    os: [darwin]

  '@oxlint/linux-arm64-gnu@1.26.0':
    resolution: {integrity: sha512-iv4wdrwdCa8bhJxOpKlvfxqTs0LgW5tKBUMvH9B13zREHm1xT9JRZ8cQbbKiyC6LNdggwu5S6TSvODgAu7/DlA==}
    cpu: [arm64]
    os: [linux]

  '@oxlint/linux-arm64-musl@1.26.0':
    resolution: {integrity: sha512-a3gTbnN1JzedxqYeGTkg38BAs/r3Krd2DPNs/MF7nnHthT3RzkPUk47isMePLuNc4e/Weljn7m2m/Onx22tiNg==}
    cpu: [arm64]
    os: [linux]

  '@oxlint/linux-x64-gnu@1.26.0':
    resolution: {integrity: sha512-cCAyqyuKpFImjlgiBuuwSF+aDBW2h19/aCmHMTMSp6KXwhoQK7/Xx7/EhZKP5wiQJzVUYq5fXr0D8WmpLGsjRg==}
    cpu: [x64]
    os: [linux]

  '@oxlint/linux-x64-musl@1.26.0':
    resolution: {integrity: sha512-8VOJ4vQo0G1tNdaghxrWKjKZGg73tv+FoMDrtNYuUesqBHZN68FkYCsgPwEsacLhCmtoZrkF3ePDWDuWEpDyAg==}
    cpu: [x64]
    os: [linux]

  '@oxlint/win32-arm64@1.26.0':
    resolution: {integrity: sha512-N8KUtzP6gfEHKvaIBZCS9g8wRfqV5v55a/B8iJjIEhtMehcEM+UX+aYRsQ4dy5oBCrK3FEp4Yy/jHgb0moLm3Q==}
    cpu: [arm64]
    os: [win32]

  '@oxlint/win32-x64@1.26.0':
    resolution: {integrity: sha512-7tCyG0laduNQ45vzB9blVEGq/6DOvh7AFmiUAana8mTp0zIKQQmwJ21RqhazH0Rk7O6lL7JYzKcu+zaJHGpRLA==}
    cpu: [x64]
    os: [win32]

  '@prettier/sync@0.6.1':
    resolution: {integrity: sha512-yF9G8vK/LYUTF3Cijd7VC9La3b20F20/J/fgoR4H0B8JGOWnZVZX6+I6+vODPosjmMcpdlUV+gUqJQZp3kLOcw==}
    peerDependencies:
      prettier: '*'

  '@types/node@24.10.0':
    resolution: {integrity: sha512-qzQZRBqkFsYyaSWXuEHc2WR9c0a0CXwiE5FWUvn7ZM+vdy1uZLfCunD38UzhuB7YN/J11ndbDBcTmOdxJo9Q7A==}

  '@vercel/ncc@0.38.4':
    resolution: {integrity: sha512-8LwjnlP39s08C08J5NstzriPvW1SP8Zfpp1BvC2sI35kPeZnHfxVkCwu4/+Wodgnd60UtT1n8K8zw+Mp7J9JmQ==}
    hasBin: true

  before-after-hook@2.2.3:
    resolution: {integrity: sha512-NzUnlZexiaH/46WDhANlyR2bXRopNg4F/zuSA3OpZnllCUgRaOF2znDioDWrmbNVsuZk6l9pMquQB38cfBZwkQ==}

  deprecation@2.3.1:
    resolution: {integrity: sha512-xmHIy4F3scKVwMsQ4WnVaS8bHOx0DmVwRywosKhaILI0ywMDWPtBSku2HNxRvF7jtwDRsoEwYQSfbxj8b7RlJQ==}

  make-synchronized@0.8.0:
    resolution: {integrity: sha512-DZu4lwc0ffoFz581BSQa/BJl+1ZqIkoRQ+VejMlH0VrP4E86StAODnZujZ4sepumQj8rcP7wUnUBGM8Gu+zKUA==}

  once@1.4.0:
    resolution: {integrity: sha512-lNaJgI+2Q5URQBkccEKHTQOPaXdUxnZZElQTZY0MFUAuaEqe1E+Nyvgdz/aIyNi6Z9MzO5dv1H8n58/GELp3+w==}

  oxfmt@0.11.0:
    resolution: {integrity: sha512-fCmAEoR3IIZ4LPueXL2Z1DbtBXVcKejkiJr4H2pdEg9qry/Wx1l+P+LpcZlfre0Lw/olJ3sohS/maLOxezUoeA==}
    engines: {node: ^20.19.0 || >=22.12.0}
    hasBin: true

  oxlint@1.26.0:
    resolution: {integrity: sha512-KRpL+SMi07JQyggv5ldIF+wt2pnrKm8NLW0B+8bK+0HZsLmH9/qGA+qMWie5Vf7lnlMBllJmsuzHaKFEGY3rIA==}
    engines: {node: ^20.19.0 || >=22.12.0}
    hasBin: true
    peerDependencies:
      oxlint-tsgolint: '>=0.4.0'
    peerDependenciesMeta:
      oxlint-tsgolint:
        optional: true

  prettier@3.6.2:
    resolution: {integrity: sha512-I7AIg5boAr5R0FFtJ6rCfD+LFsWHp81dolrFD8S79U9tb8Az2nGrJncnMSnys+bpQJfRUzqs9hnA81OAA3hCuQ==}
    engines: {node: '>=14'}
    hasBin: true

  tunnel@0.0.6:
    resolution: {integrity: sha512-1h/Lnq9yajKY2PEbBadPXj3VxsDDu844OnaAo52UVmIzIvwwtBPIuNvkjuzBlTWpfJyUbG3ez0KSBibQkj4ojg==}
    engines: {node: '>=0.6.11 <=0.7.0 || >=0.7.3'}

  typescript@5.9.3:
    resolution: {integrity: sha512-jl1vZzPDinLr9eUt3J/t7V6FgNEw9QjvBPdysz9KfQDD41fQrC2Y4vKQdiaUpFT4bXlb1RHhLpp8wtm6M5TgSw==}
    engines: {node: '>=14.17'}
    hasBin: true

  undici-types@7.16.0:
    resolution: {integrity: sha512-Zz+aZWSj8LE6zoxD+xrjh4VfkIG8Ya6LvYkZqtUQGJPZjYl53ypCaUwWqo7eI0x66KBGeRo+mlBEkMSeSZ38Nw==}

  undici@5.29.0:
    resolution: {integrity: sha512-raqeBD6NQK4SkWhQzeYKd1KmIG6dllBOTt55Rmkt4HtI9mwdWtJljnrXjAFUBLTSN67HWrOIZ3EPF4kjUw80Bg==}
    engines: {node: '>=14.0'}

  universal-user-agent@6.0.1:
    resolution: {integrity: sha512-yCzhz6FN2wU1NiiQRogkTQszlQSlpWaw8SvVegAc+bDxbzHgh1vX8uIe8OYyMH6DwH+sdTJsgMl36+mSMdRJIQ==}

  wrappy@1.0.2:
    resolution: {integrity: sha512-l4Sp/DRseor9wL6EvV2+TuQn63dMkPjZ/sp9XkghTEbV9KlPS1xUsZ3u7/IQO4wxtcFB4bgpQPRcR3QCvezPcQ==}

snapshots:

  '@actions/core@1.11.1':
    dependencies:
      '@actions/exec': 1.1.1
      '@actions/http-client': 2.2.3

  '@actions/exec@1.1.1':
    dependencies:
      '@actions/io': 1.1.3

  '@actions/github@6.0.1':
    dependencies:
      '@actions/http-client': 2.2.3
      '@octokit/core': 5.2.2
      '@octokit/plugin-paginate-rest': 9.2.2(@octokit/core@5.2.2)
      '@octokit/plugin-rest-endpoint-methods': 10.4.1(@octokit/core@5.2.2)
      '@octokit/request': 8.4.1
      '@octokit/request-error': 5.1.1
      undici: 5.29.0

  '@actions/http-client@2.2.3':
    dependencies:
      tunnel: 0.0.6
      undici: 5.29.0

  '@actions/io@1.1.3': {}

  '@fastify/busboy@2.1.1': {}

  '@octokit/auth-token@4.0.0': {}

  '@octokit/core@5.2.2':
    dependencies:
      '@octokit/auth-token': 4.0.0
      '@octokit/graphql': 7.1.1
      '@octokit/request': 8.4.1
      '@octokit/request-error': 5.1.1
      '@octokit/types': 13.10.0
      before-after-hook: 2.2.3
      universal-user-agent: 6.0.1

  '@octokit/endpoint@9.0.6':
    dependencies:
      '@octokit/types': 13.10.0
      universal-user-agent: 6.0.1

  '@octokit/graphql@7.1.1':
    dependencies:
      '@octokit/request': 8.4.1
      '@octokit/types': 13.10.0
      universal-user-agent: 6.0.1

  '@octokit/openapi-types@20.0.0': {}

  '@octokit/openapi-types@24.2.0': {}

  '@octokit/plugin-paginate-rest@9.2.2(@octokit/core@5.2.2)':
    dependencies:
      '@octokit/core': 5.2.2
      '@octokit/types': 12.6.0

  '@octokit/plugin-rest-endpoint-methods@10.4.1(@octokit/core@5.2.2)':
    dependencies:
      '@octokit/core': 5.2.2
      '@octokit/types': 12.6.0

  '@octokit/request-error@5.1.1':
    dependencies:
      '@octokit/types': 13.10.0
      deprecation: 2.3.1
      once: 1.4.0

  '@octokit/request@8.4.1':
    dependencies:
      '@octokit/endpoint': 9.0.6
      '@octokit/request-error': 5.1.1
      '@octokit/types': 13.10.0
      universal-user-agent: 6.0.1

  '@octokit/types@12.6.0':
    dependencies:
      '@octokit/openapi-types': 20.0.0

  '@octokit/types@13.10.0':
    dependencies:
      '@octokit/openapi-types': 24.2.0

  '@oxfmt/darwin-arm64@0.11.0':
    optional: true

  '@oxfmt/darwin-x64@0.11.0':
    optional: true

  '@oxfmt/linux-arm64-gnu@0.11.0':
    optional: true

  '@oxfmt/linux-arm64-musl@0.11.0':
    optional: true

  '@oxfmt/linux-x64-gnu@0.11.0':
    optional: true

  '@oxfmt/linux-x64-musl@0.11.0':
    optional: true

  '@oxfmt/win32-arm64@0.11.0':
    optional: true

  '@oxfmt/win32-x64@0.11.0':
    optional: true

  '@oxlint/darwin-arm64@1.26.0':
    optional: true

  '@oxlint/darwin-x64@1.26.0':
    optional: true

  '@oxlint/linux-arm64-gnu@1.26.0':
    optional: true

  '@oxlint/linux-arm64-musl@1.26.0':
    optional: true

  '@oxlint/linux-x64-gnu@1.26.0':
    optional: true

  '@oxlint/linux-x64-musl@1.26.0':
    optional: true

  '@oxlint/win32-arm64@1.26.0':
    optional: true

  '@oxlint/win32-x64@1.26.0':
    optional: true

  '@prettier/sync@0.6.1(prettier@3.6.2)':
    dependencies:
      make-synchronized: 0.8.0
      prettier: 3.6.2

  '@types/node@24.10.0':
    dependencies:
      undici-types: 7.16.0

  '@vercel/ncc@0.38.4': {}

  before-after-hook@2.2.3: {}

  deprecation@2.3.1: {}

  make-synchronized@0.8.0: {}

  once@1.4.0:
    dependencies:
      wrappy: 1.0.2

  oxfmt@0.11.0:
    dependencies:
      '@prettier/sync': 0.6.1(prettier@3.6.2)
      prettier: 3.6.2
    optionalDependencies:
      '@oxfmt/darwin-arm64': 0.11.0
      '@oxfmt/darwin-x64': 0.11.0
      '@oxfmt/linux-arm64-gnu': 0.11.0
      '@oxfmt/linux-arm64-musl': 0.11.0
      '@oxfmt/linux-x64-gnu': 0.11.0
      '@oxfmt/linux-x64-musl': 0.11.0
      '@oxfmt/win32-arm64': 0.11.0
      '@oxfmt/win32-x64': 0.11.0

  oxlint@1.26.0:
    optionalDependencies:
      '@oxlint/darwin-arm64': 1.26.0
      '@oxlint/darwin-x64': 1.26.0
      '@oxlint/linux-arm64-gnu': 1.26.0
      '@oxlint/linux-arm64-musl': 1.26.0
      '@oxlint/linux-x64-gnu': 1.26.0
      '@oxlint/linux-x64-musl': 1.26.0
      '@oxlint/win32-arm64': 1.26.0
      '@oxlint/win32-x64': 1.26.0

  prettier@3.6.2: {}

  tunnel@0.0.6: {}

  typescript@5.9.3: {}

  undici-types@7.16.0: {}

  undici@5.29.0:
    dependencies:
      '@fastify/busboy': 2.1.1

  universal-user-agent@6.0.1: {}

  wrappy@1.0.2: {}
